{
  "name": "mavka-compiler",
  "version": "0.0.1",
  "lockfileVersion": 2,
  "requires": true,
  "packages": {
    "": {
      "name": "mavka-compiler",
      "version": "0.0.1",
      "license": "GPL-3.0",
      "dependencies": {
        "astring": "^1.8.4",
        "mavka-parser": "^0.10.24"
      },
      "devDependencies": {
        "prettier": "2.8.7"
      }
    },
    "node_modules/antlr4": {
      "version": "4.11.0",
      "resolved": "https://registry.npmjs.org/antlr4/-/antlr4-4.11.0.tgz",
      "integrity": "sha512-GUGlpE2JUjAN+G8G5vY+nOoeyNhHsXoIJwP1XF1oRw89vifA1K46T6SEkwLwr7drihN7I/lf0DIjKc4OZvBX8w==",
      "engines": {
        "node": ">=14"
      }
    },
    "node_modules/astring": {
      "version": "1.8.4",
      "resolved": "https://registry.npmjs.org/astring/-/astring-1.8.4.tgz",
      "integrity": "sha512-97a+l2LBU3Op3bBQEff79i/E4jMD2ZLFD8rHx9B6mXyB2uQwhJQYfiDqUwtfjF4QA1F2qs//N6Cw8LetMbQjcw==",
      "bin": {
        "astring": "bin/astring"
      }
    },
    "node_modules/mavka-parser": {
      "version": "0.10.24",
      "resolved": "https://registry.npmjs.org/mavka-parser/-/mavka-parser-0.10.24.tgz",
      "integrity": "sha512-acUQu9fwgKBkXfhVDIReXRmsvUH0jL1sW/ExcPDfhhZw2frSzM2cxiUgLx7eayeh6C8kX4aajSYYiTaxT8zuJg==",
      "dependencies": {
        "antlr4": "4.11.0"
      }
    },
    "node_modules/prettier": {
      "version": "2.8.7",
      "resolved": "https://registry.npmjs.org/prettier/-/prettier-2.8.7.tgz",
      "integrity": "sha512-yPngTo3aXUUmyuTjeTUT75txrf+aMh9FiD7q9ZE/i6r0bPb22g4FsE6Y338PQX1bmfy08i9QQCB7/rcUAVntfw==",
      "dev": true,
      "bin": {
        "prettier": "bin-prettier.js"
      },
      "engines": {
        "node": ">=10.13.0"
      },
      "funding": {
        "url": "https://github.com/prettier/prettier?sponsor=1"
      }
    }
  },
  "dependencies": {
    "antlr4": {
      "version": "4.11.0",
      "resolved": "https://registry.npmjs.org/antlr4/-/antlr4-4.11.0.tgz",
      "integrity": "sha512-GUGlpE2JUjAN+G8G5vY+nOoeyNhHsXoIJwP1XF1oRw89vifA1K46T6SEkwLwr7drihN7I/lf0DIjKc4OZvBX8w=="
    },
    "astring": {
      "version": "1.8.4",
      "resolved": "https://registry.npmjs.org/astring/-/astring-1.8.4.tgz",
      "integrity": "sha512-97a+l2LBU3Op3bBQEff79i/E4jMD2ZLFD8rHx9B6mXyB2uQwhJQYfiDqUwtfjF4QA1F2qs//N6Cw8LetMbQjcw=="
    },
    "mavka-parser": {
      "version": "0.10.24",
      "resolved": "https://registry.npmjs.org/mavka-parser/-/mavka-parser-0.10.24.tgz",
      "integrity": "sha512-acUQu9fwgKBkXfhVDIReXRmsvUH0jL1sW/ExcPDfhhZw2frSzM2cxiUgLx7eayeh6C8kX4aajSYYiTaxT8zuJg==",
      "requires": {
        "antlr4": "4.11.0"
      }
    },
    "prettier": {
      "version": "2.8.7",
      "resolved": "https://registry.npmjs.org/prettier/-/prettier-2.8.7.tgz",
      "integrity": "sha512-yPngTo3aXUUmyuTjeTUT75txrf+aMh9FiD7q9ZE/i6r0bPb22g4FsE6Y338PQX1bmfy08i9QQCB7/rcUAVntfw==",
      "dev": true
    }
  }
}
